
Microsoft Visual Studio Solution File, Format Version 12.00
# Visual Studio 15
VisualStudioVersion = 15.0.27004.2010
MinimumVisualStudioVersion = 10.0.40219.1
Project("{FAE04EC0-301F-11D3-BF4B-00C04F79EFBC}") = "YoutubeDownloader.Client", "YoutubeDownloader.Client\YoutubeDownloader.Client.csproj", "{A51AE386-C6C9-4819-852F-6351DC40B9D8}"
EndProject
Project("{FAE04EC0-301F-11D3-BF4B-00C04F79EFBC}") = "YoutubeAPI.Core", "..\Youtube-API-Playground\YoutubeAPI.Core\YoutubeAPI.Core.csproj", "{1642C1D1-D4D1-48DF-9D99-0BBA1175E8BA}"
EndProject
Global
	GlobalSection(SolutionConfigurationPlatforms) = preSolution
		Debug|Any CPU = Debug|Any CPU
		Release|Any CPU = Release|Any CPU
	EndGlobalSection
	GlobalSection(ProjectConfigurationPlatforms) = postSolution
		{A51AE386-C6C9-4819-852F-6351DC40B9D8}.Debug|Any CPU.ActiveCfg = Debug|Any CPU
		{A51AE386-C6C9-4819-852F-6351DC40B9D8}.Debug|Any CPU.Build.0 = Debug|Any CPU
		{A51AE386-C6C9-4819-852F-6351DC40B9D8}.Release|Any CPU.ActiveCfg = Release|Any CPU
		{A51AE386-C6C9-4819-852F-6351DC40B9D8}.Release|Any CPU.Build.0 = Release|Any CPU
		{1642C1D1-D4D1-48DF-9D99-0BBA1175E8BA}.Debug|Any CPU.ActiveCfg = Debug|Any CPU
		{1642C1D1-D4D1-48DF-9D99-0BBA1175E8BA}.Debug|Any CPU.Build.0 = Debug|Any CPU
		{1642C1D1-D4D1-48DF-9D99-0BBA1175E8BA}.Release|Any CPU.ActiveCfg = Release|Any CPU
		{1642C1D1-D4D1-48DF-9D99-0BBA1175E8BA}.Release|Any CPU.Build.0 = Release|Any CPU
	EndGlobalSection
	GlobalSection(SolutionProperties) = preSolution
		HideSolutionNode = FALSE
	EndGlobalSection
	GlobalSection(ExtensibilityGlobals) = postSolution
		SolutionGuid = {0EAB05C0-C271-43ED-9940-2BE23C8653D5}
	EndGlobalSection
EndGlobal
